
Microsoft Visual Studio Solution File, Format Version 12.00
# Visual Studio Version 17
VisualStudioVersion = 17.8.34511.84
MinimumVisualStudioVersion = 10.0.40219.1
Project("{2150E333-8FDC-42A3-9474-1A3956D46DE8}") = "Services", "Services", "{8E4ABDF9-A2D6-49D4-84DC-62C26D240F3E}"
EndProject
Project("{2150E333-8FDC-42A3-9474-1A3956D46DE8}") = "Catalog", "Catalog", "{A1687074-E241-4B16-9BF2-B298A228FA2A}"
EndProject
Project("{9A19103F-16F7-4668-BE54-9A1E7A4F7556}") = "MultiShop.Catalog", "Services\Catalog\MultiShop.Catalog\MultiShop.Catalog.csproj", "{937F2023-4390-4CBD-88A0-B448E78D5A5F}"
EndProject
Project("{2150E333-8FDC-42A3-9474-1A3956D46DE8}") = "Discount", "Discount", "{B16DA51B-A436-41EB-9058-989576FE1EBD}"
EndProject
Project("{FAE04EC0-301F-11D3-BF4B-00C04F79EFBC}") = "MultiShop.Discount", "Services\Discount\MultiShop.Discount\MultiShop.Discount.csproj", "{FB6CCD36-51FB-45B8-9FA1-939A5684AB21}"
EndProject
Project("{2150E333-8FDC-42A3-9474-1A3956D46DE8}") = "Order", "Order", "{A1B938AE-67C8-4D4C-A9EC-26768BBDE4B0}"
EndProject
Project("{2150E333-8FDC-42A3-9474-1A3956D46DE8}") = "Core", "Core", "{7D95F50E-3CB3-4F8B-BC8E-65D149BFBDB7}"
EndProject
Project("{2150E333-8FDC-42A3-9474-1A3956D46DE8}") = "Infrastructure", "Infrastructure", "{FD20FF68-4FDC-443C-9D2A-44FF35C98BEC}"
EndProject
Project("{2150E333-8FDC-42A3-9474-1A3956D46DE8}") = "Presentation", "Presentation", "{D341520B-0DB0-480C-8E94-9DA2BDC73056}"
EndProject
Project("{FAE04EC0-301F-11D3-BF4B-00C04F79EFBC}") = "MultiShop.Order.Domain", "Services\Order\Core\MultiShop.Order.Domain\MultiShop.Order.Domain.csproj", "{AF19ABC2-449F-4F53-8660-158CDB90A9F3}"
EndProject
Project("{FAE04EC0-301F-11D3-BF4B-00C04F79EFBC}") = "MultiShop.Order.Application", "Order\Core\MultiShop.Order.Application\MultiShop.Order.Application.csproj", "{C2E64B3F-0749-48FB-935D-E1840C236EE5}"
EndProject
Project("{FAE04EC0-301F-11D3-BF4B-00C04F79EFBC}") = "MultiShop.Order.Persistance", "Services\Order\Infrastructure\MultiShop.Order.Persistance\MultiShop.Order.Persistance.csproj", "{146C9D9C-0751-4C2C-8456-5AED47E01827}"
EndProject
Project("{FAE04EC0-301F-11D3-BF4B-00C04F79EFBC}") = "MultiShop.Order.WebApi", "Services\Order\Persistance\MultiShop.Order.WebApi\MultiShop.Order.WebApi.csproj", "{1728C8DF-D58F-433D-AB9C-815344BE7F63}"
EndProject
Global
	GlobalSection(SolutionConfigurationPlatforms) = preSolution
		Debug|Any CPU = Debug|Any CPU
		Release|Any CPU = Release|Any CPU
	EndGlobalSection
	GlobalSection(ProjectConfigurationPlatforms) = postSolution
		{937F2023-4390-4CBD-88A0-B448E78D5A5F}.Debug|Any CPU.ActiveCfg = Debug|Any CPU
		{937F2023-4390-4CBD-88A0-B448E78D5A5F}.Debug|Any CPU.Build.0 = Debug|Any CPU
		{937F2023-4390-4CBD-88A0-B448E78D5A5F}.Release|Any CPU.ActiveCfg = Release|Any CPU
		{937F2023-4390-4CBD-88A0-B448E78D5A5F}.Release|Any CPU.Build.0 = Release|Any CPU
		{FB6CCD36-51FB-45B8-9FA1-939A5684AB21}.Debug|Any CPU.ActiveCfg = Debug|Any CPU
		{FB6CCD36-51FB-45B8-9FA1-939A5684AB21}.Debug|Any CPU.Build.0 = Debug|Any CPU
		{FB6CCD36-51FB-45B8-9FA1-939A5684AB21}.Release|Any CPU.ActiveCfg = Release|Any CPU
		{FB6CCD36-51FB-45B8-9FA1-939A5684AB21}.Release|Any CPU.Build.0 = Release|Any CPU
		{AF19ABC2-449F-4F53-8660-158CDB90A9F3}.Debug|Any CPU.ActiveCfg = Debug|Any CPU
		{AF19ABC2-449F-4F53-8660-158CDB90A9F3}.Debug|Any CPU.Build.0 = Debug|Any CPU
		{AF19ABC2-449F-4F53-8660-158CDB90A9F3}.Release|Any CPU.ActiveCfg = Release|Any CPU
		{AF19ABC2-449F-4F53-8660-158CDB90A9F3}.Release|Any CPU.Build.0 = Release|Any CPU
		{C2E64B3F-0749-48FB-935D-E1840C236EE5}.Debug|Any CPU.ActiveCfg = Debug|Any CPU
		{C2E64B3F-0749-48FB-935D-E1840C236EE5}.Debug|Any CPU.Build.0 = Debug|Any CPU
		{C2E64B3F-0749-48FB-935D-E1840C236EE5}.Release|Any CPU.ActiveCfg = Release|Any CPU
		{C2E64B3F-0749-48FB-935D-E1840C236EE5}.Release|Any CPU.Build.0 = Release|Any CPU
		{146C9D9C-0751-4C2C-8456-5AED47E01827}.Debug|Any CPU.ActiveCfg = Debug|Any CPU
		{146C9D9C-0751-4C2C-8456-5AED47E01827}.Debug|Any CPU.Build.0 = Debug|Any CPU
		{146C9D9C-0751-4C2C-8456-5AED47E01827}.Release|Any CPU.ActiveCfg = Release|Any CPU
		{146C9D9C-0751-4C2C-8456-5AED47E01827}.Release|Any CPU.Build.0 = Release|Any CPU
		{1728C8DF-D58F-433D-AB9C-815344BE7F63}.Debug|Any CPU.ActiveCfg = Debug|Any CPU
		{1728C8DF-D58F-433D-AB9C-815344BE7F63}.Debug|Any CPU.Build.0 = Debug|Any CPU
		{1728C8DF-D58F-433D-AB9C-815344BE7F63}.Release|Any CPU.ActiveCfg = Release|Any CPU
		{1728C8DF-D58F-433D-AB9C-815344BE7F63}.Release|Any CPU.Build.0 = Release|Any CPU
	EndGlobalSection
	GlobalSection(SolutionProperties) = preSolution
		HideSolutionNode = FALSE
	EndGlobalSection
	GlobalSection(NestedProjects) = preSolution
		{A1687074-E241-4B16-9BF2-B298A228FA2A} = {8E4ABDF9-A2D6-49D4-84DC-62C26D240F3E}
		{937F2023-4390-4CBD-88A0-B448E78D5A5F} = {A1687074-E241-4B16-9BF2-B298A228FA2A}
		{B16DA51B-A436-41EB-9058-989576FE1EBD} = {8E4ABDF9-A2D6-49D4-84DC-62C26D240F3E}
		{FB6CCD36-51FB-45B8-9FA1-939A5684AB21} = {B16DA51B-A436-41EB-9058-989576FE1EBD}
		{A1B938AE-67C8-4D4C-A9EC-26768BBDE4B0} = {8E4ABDF9-A2D6-49D4-84DC-62C26D240F3E}
		{7D95F50E-3CB3-4F8B-BC8E-65D149BFBDB7} = {A1B938AE-67C8-4D4C-A9EC-26768BBDE4B0}
		{FD20FF68-4FDC-443C-9D2A-44FF35C98BEC} = {A1B938AE-67C8-4D4C-A9EC-26768BBDE4B0}
		{D341520B-0DB0-480C-8E94-9DA2BDC73056} = {A1B938AE-67C8-4D4C-A9EC-26768BBDE4B0}
		{AF19ABC2-449F-4F53-8660-158CDB90A9F3} = {7D95F50E-3CB3-4F8B-BC8E-65D149BFBDB7}
		{C2E64B3F-0749-48FB-935D-E1840C236EE5} = {7D95F50E-3CB3-4F8B-BC8E-65D149BFBDB7}
		{146C9D9C-0751-4C2C-8456-5AED47E01827} = {FD20FF68-4FDC-443C-9D2A-44FF35C98BEC}
		{1728C8DF-D58F-433D-AB9C-815344BE7F63} = {D341520B-0DB0-480C-8E94-9DA2BDC73056}
	EndGlobalSection
	GlobalSection(ExtensibilityGlobals) = postSolution
		SolutionGuid = {B0572E39-95F1-4920-83AA-BCC768CA960A}
	EndGlobalSection
EndGlobal
